
Microsoft Visual Studio Solution File, Format Version 12.00
# Visual Studio 2013
VisualStudioVersion = 12.0.31101.0
MinimumVisualStudioVersion = 10.0.40219.1
Project("{8BC9CEB8-8B4A-11D0-8D11-00A0C91BC942}") = "RecursionTest", "RecursionTest\RecursionTest.vcxproj", "{EFC987D8-F0EF-48B1-BF9B-C805C90A16B4}"
EndProject
Project("{8BC9CEB8-8B4A-11D0-8D11-00A0C91BC942}") = "SumMultiplesof3And5", "SumMultiplesof3And5\SumMultiplesof3And5.vcxproj", "{99564BC0-D7BB-4110-9D7D-B222CCBC5D4E}"
EndProject
Project("{8BC9CEB8-8B4A-11D0-8D11-00A0C91BC942}") = "SumOfFibonacciUnder4Mil", "SumOfFibonacciUnder4Mil\SumOfFibonacciUnder4Mil.vcxproj", "{63D701DC-3B6C-4A3A-9BD9-60BE03A8CC6C}"
EndProject
Project("{8BC9CEB8-8B4A-11D0-8D11-00A0C91BC942}") = "Problem6", "Problem6\Problem6.vcxproj", "{2A6A8B64-0CD6-4F87-8FCA-2A1636E27ACF}"
EndProject
Project("{8BC9CEB8-8B4A-11D0-8D11-00A0C91BC942}") = "Problem3", "Problem3\Problem3.vcxproj", "{F850727E-4DC4-4C19-B685-663D1B055D7A}"
EndProject
Project("{8BC9CEB8-8B4A-11D0-8D11-00A0C91BC942}") = "Problem5", "Problem5\Problem5.vcxproj", "{5D4A1C68-32E4-431D-B6B8-51784E0C4EB4}"
EndProject
Project("{8BC9CEB8-8B4A-11D0-8D11-00A0C91BC942}") = "problem4", "problem4\problem4.vcxproj", "{B7427DC2-A00B-4DBD-8405-94C8278A62B1}"
EndProject
Project("{8BC9CEB8-8B4A-11D0-8D11-00A0C91BC942}") = "OneMilPrime", "Problem7\Problem7.vcxproj", "{2C83217C-1C56-4DC6-BD41-DBC042AB06DE}"
EndProject
Project("{8BC9CEB8-8B4A-11D0-8D11-00A0C91BC942}") = "PythogoreanTriplet", "PythogoreanTriplet\PythogoreanTriplet.vcxproj", "{2B00F174-D71D-492E-83E5-231C32E94B60}"
EndProject
Project("{8BC9CEB8-8B4A-11D0-8D11-00A0C91BC942}") = "SumOfPrimes", "SumOfPrimes\SumOfPrimes.vcxproj", "{87FC62C3-23B7-410C-853B-209FA90FBC29}"
EndProject
Project("{8BC9CEB8-8B4A-11D0-8D11-00A0C91BC942}") = "PowerDigitSum", "PowerDigitSum\PowerDigitSum.vcxproj", "{8C777480-50CD-425D-AF19-1EFC03B32FE2}"
EndProject
Project("{8BC9CEB8-8B4A-11D0-8D11-00A0C91BC942}") = "LargeSum", "LargeSum\LargeSum.vcxproj", "{14CBCA4D-FFAC-48EC-8255-731BEF675814}"
EndProject
Project("{FAE04EC0-301F-11D3-BF4B-00C04F79EFBC}") = "LargeSum.Net", "LargeSum.Net\LargeSum.Net.csproj", "{1C1BD122-3AB0-4980-BA74-B00514900E53}"
EndProject
Project("{FAE04EC0-301F-11D3-BF4B-00C04F79EFBC}") = "Problem20", "Problem20\Problem20.csproj", "{C2CFE7A5-6C6B-4D29-BC13-C1D894D76F07}"
EndProject
Project("{FAE04EC0-301F-11D3-BF4B-00C04F79EFBC}") = "Problem48", "Problem48\Problem48.csproj", "{0290B31D-9B22-411B-9F57-E80A9F0EEEB1}"
EndProject
Project("{FAE04EC0-301F-11D3-BF4B-00C04F79EFBC}") = "Problem25", "Problem25\Problem25.csproj", "{1551F9B2-7710-4B9F-BA25-774B0C79EB77}"
EndProject
Global
	GlobalSection(SolutionConfigurationPlatforms) = preSolution
		Debug|Any CPU = Debug|Any CPU
		Debug|Mixed Platforms = Debug|Mixed Platforms
		Debug|Win32 = Debug|Win32
		Debug|x64 = Debug|x64
		Release|Any CPU = Release|Any CPU
		Release|Mixed Platforms = Release|Mixed Platforms
		Release|Win32 = Release|Win32
		Release|x64 = Release|x64
	EndGlobalSection
	GlobalSection(ProjectConfigurationPlatforms) = postSolution
		{EFC987D8-F0EF-48B1-BF9B-C805C90A16B4}.Debug|Any CPU.ActiveCfg = Debug|Win32
		{EFC987D8-F0EF-48B1-BF9B-C805C90A16B4}.Debug|Mixed Platforms.ActiveCfg = Debug|Win32
		{EFC987D8-F0EF-48B1-BF9B-C805C90A16B4}.Debug|Mixed Platforms.Build.0 = Debug|Win32
		{EFC987D8-F0EF-48B1-BF9B-C805C90A16B4}.Debug|Win32.ActiveCfg = Debug|Win32
		{EFC987D8-F0EF-48B1-BF9B-C805C90A16B4}.Debug|Win32.Build.0 = Debug|Win32
		{EFC987D8-F0EF-48B1-BF9B-C805C90A16B4}.Debug|x64.ActiveCfg = Debug|Win32
		{EFC987D8-F0EF-48B1-BF9B-C805C90A16B4}.Release|Any CPU.ActiveCfg = Release|Win32
		{EFC987D8-F0EF-48B1-BF9B-C805C90A16B4}.Release|Mixed Platforms.ActiveCfg = Release|Win32
		{EFC987D8-F0EF-48B1-BF9B-C805C90A16B4}.Release|Mixed Platforms.Build.0 = Release|Win32
		{EFC987D8-F0EF-48B1-BF9B-C805C90A16B4}.Release|Win32.ActiveCfg = Release|Win32
		{EFC987D8-F0EF-48B1-BF9B-C805C90A16B4}.Release|Win32.Build.0 = Release|Win32
		{EFC987D8-F0EF-48B1-BF9B-C805C90A16B4}.Release|x64.ActiveCfg = Release|Win32
		{99564BC0-D7BB-4110-9D7D-B222CCBC5D4E}.Debug|Any CPU.ActiveCfg = Debug|Win32
		{99564BC0-D7BB-4110-9D7D-B222CCBC5D4E}.Debug|Mixed Platforms.ActiveCfg = Debug|Win32
		{99564BC0-D7BB-4110-9D7D-B222CCBC5D4E}.Debug|Mixed Platforms.Build.0 = Debug|Win32
		{99564BC0-D7BB-4110-9D7D-B222CCBC5D4E}.Debug|Win32.ActiveCfg = Debug|Win32
		{99564BC0-D7BB-4110-9D7D-B222CCBC5D4E}.Debug|Win32.Build.0 = Debug|Win32
		{99564BC0-D7BB-4110-9D7D-B222CCBC5D4E}.Debug|x64.ActiveCfg = Debug|Win32
		{99564BC0-D7BB-4110-9D7D-B222CCBC5D4E}.Release|Any CPU.ActiveCfg = Release|Win32
		{99564BC0-D7BB-4110-9D7D-B222CCBC5D4E}.Release|Mixed Platforms.ActiveCfg = Release|Win32
		{99564BC0-D7BB-4110-9D7D-B222CCBC5D4E}.Release|Mixed Platforms.Build.0 = Release|Win32
		{99564BC0-D7BB-4110-9D7D-B222CCBC5D4E}.Release|Win32.ActiveCfg = Release|Win32
		{99564BC0-D7BB-4110-9D7D-B222CCBC5D4E}.Release|Win32.Build.0 = Release|Win32
		{99564BC0-D7BB-4110-9D7D-B222CCBC5D4E}.Release|x64.ActiveCfg = Release|Win32
		{63D701DC-3B6C-4A3A-9BD9-60BE03A8CC6C}.Debug|Any CPU.ActiveCfg = Debug|Win32
		{63D701DC-3B6C-4A3A-9BD9-60BE03A8CC6C}.Debug|Mixed Platforms.ActiveCfg = Debug|Win32
		{63D701DC-3B6C-4A3A-9BD9-60BE03A8CC6C}.Debug|Mixed Platforms.Build.0 = Debug|Win32
		{63D701DC-3B6C-4A3A-9BD9-60BE03A8CC6C}.Debug|Win32.ActiveCfg = Debug|Win32
		{63D701DC-3B6C-4A3A-9BD9-60BE03A8CC6C}.Debug|Win32.Build.0 = Debug|Win32
		{63D701DC-3B6C-4A3A-9BD9-60BE03A8CC6C}.Debug|x64.ActiveCfg = Debug|Win32
		{63D701DC-3B6C-4A3A-9BD9-60BE03A8CC6C}.Release|Any CPU.ActiveCfg = Release|Win32
		{63D701DC-3B6C-4A3A-9BD9-60BE03A8CC6C}.Release|Mixed Platforms.ActiveCfg = Release|Win32
		{63D701DC-3B6C-4A3A-9BD9-60BE03A8CC6C}.Release|Mixed Platforms.Build.0 = Release|Win32
		{63D701DC-3B6C-4A3A-9BD9-60BE03A8CC6C}.Release|Win32.ActiveCfg = Release|Win32
		{63D701DC-3B6C-4A3A-9BD9-60BE03A8CC6C}.Release|Win32.Build.0 = Release|Win32
		{63D701DC-3B6C-4A3A-9BD9-60BE03A8CC6C}.Release|x64.ActiveCfg = Release|Win32
		{2A6A8B64-0CD6-4F87-8FCA-2A1636E27ACF}.Debug|Any CPU.ActiveCfg = Debug|Win32
		{2A6A8B64-0CD6-4F87-8FCA-2A1636E27ACF}.Debug|Mixed Platforms.ActiveCfg = Debug|Win32
		{2A6A8B64-0CD6-4F87-8FCA-2A1636E27ACF}.Debug|Mixed Platforms.Build.0 = Debug|Win32
		{2A6A8B64-0CD6-4F87-8FCA-2A1636E27ACF}.Debug|Win32.ActiveCfg = Debug|Win32
		{2A6A8B64-0CD6-4F87-8FCA-2A1636E27ACF}.Debug|Win32.Build.0 = Debug|Win32
		{2A6A8B64-0CD6-4F87-8FCA-2A1636E27ACF}.Debug|x64.ActiveCfg = Debug|Win32
		{2A6A8B64-0CD6-4F87-8FCA-2A1636E27ACF}.Release|Any CPU.ActiveCfg = Release|Win32
		{2A6A8B64-0CD6-4F87-8FCA-2A1636E27ACF}.Release|Mixed Platforms.ActiveCfg = Release|Win32
		{2A6A8B64-0CD6-4F87-8FCA-2A1636E27ACF}.Release|Mixed Platforms.Build.0 = Release|Win32
		{2A6A8B64-0CD6-4F87-8FCA-2A1636E27ACF}.Release|Win32.ActiveCfg = Release|Win32
		{2A6A8B64-0CD6-4F87-8FCA-2A1636E27ACF}.Release|Win32.Build.0 = Release|Win32
		{2A6A8B64-0CD6-4F87-8FCA-2A1636E27ACF}.Release|x64.ActiveCfg = Release|Win32
		{F850727E-4DC4-4C19-B685-663D1B055D7A}.Debug|Any CPU.ActiveCfg = Debug|Win32
		{F850727E-4DC4-4C19-B685-663D1B055D7A}.Debug|Mixed Platforms.ActiveCfg = Debug|Win32
		{F850727E-4DC4-4C19-B685-663D1B055D7A}.Debug|Mixed Platforms.Build.0 = Debug|Win32
		{F850727E-4DC4-4C19-B685-663D1B055D7A}.Debug|Win32.ActiveCfg = Debug|Win32
		{F850727E-4DC4-4C19-B685-663D1B055D7A}.Debug|Win32.Build.0 = Debug|Win32
		{F850727E-4DC4-4C19-B685-663D1B055D7A}.Debug|x64.ActiveCfg = Debug|Win32
		{F850727E-4DC4-4C19-B685-663D1B055D7A}.Release|Any CPU.ActiveCfg = Release|Win32
		{F850727E-4DC4-4C19-B685-663D1B055D7A}.Release|Mixed Platforms.ActiveCfg = Release|Win32
		{F850727E-4DC4-4C19-B685-663D1B055D7A}.Release|Mixed Platforms.Build.0 = Release|Win32
		{F850727E-4DC4-4C19-B685-663D1B055D7A}.Release|Win32.ActiveCfg = Release|Win32
		{F850727E-4DC4-4C19-B685-663D1B055D7A}.Release|Win32.Build.0 = Release|Win32
		{F850727E-4DC4-4C19-B685-663D1B055D7A}.Release|x64.ActiveCfg = Release|Win32
		{5D4A1C68-32E4-431D-B6B8-51784E0C4EB4}.Debug|Any CPU.ActiveCfg = Debug|Win32
		{5D4A1C68-32E4-431D-B6B8-51784E0C4EB4}.Debug|Mixed Platforms.ActiveCfg = Debug|Win32
		{5D4A1C68-32E4-431D-B6B8-51784E0C4EB4}.Debug|Mixed Platforms.Build.0 = Debug|Win32
		{5D4A1C68-32E4-431D-B6B8-51784E0C4EB4}.Debug|Win32.ActiveCfg = Debug|Win32
		{5D4A1C68-32E4-431D-B6B8-51784E0C4EB4}.Debug|Win32.Build.0 = Debug|Win32
		{5D4A1C68-32E4-431D-B6B8-51784E0C4EB4}.Debug|x64.ActiveCfg = Debug|Win32
		{5D4A1C68-32E4-431D-B6B8-51784E0C4EB4}.Release|Any CPU.ActiveCfg = Release|Win32
		{5D4A1C68-32E4-431D-B6B8-51784E0C4EB4}.Release|Mixed Platforms.ActiveCfg = Release|Win32
		{5D4A1C68-32E4-431D-B6B8-51784E0C4EB4}.Release|Mixed Platforms.Build.0 = Release|Win32
		{5D4A1C68-32E4-431D-B6B8-51784E0C4EB4}.Release|Win32.ActiveCfg = Release|Win32
		{5D4A1C68-32E4-431D-B6B8-51784E0C4EB4}.Release|Win32.Build.0 = Release|Win32
		{5D4A1C68-32E4-431D-B6B8-51784E0C4EB4}.Release|x64.ActiveCfg = Release|Win32
		{B7427DC2-A00B-4DBD-8405-94C8278A62B1}.Debug|Any CPU.ActiveCfg = Debug|Win32
		{B7427DC2-A00B-4DBD-8405-94C8278A62B1}.Debug|Mixed Platforms.ActiveCfg = Debug|Win32
		{B7427DC2-A00B-4DBD-8405-94C8278A62B1}.Debug|Mixed Platforms.Build.0 = Debug|Win32
		{B7427DC2-A00B-4DBD-8405-94C8278A62B1}.Debug|Win32.ActiveCfg = Debug|Win32
		{B7427DC2-A00B-4DBD-8405-94C8278A62B1}.Debug|Win32.Build.0 = Debug|Win32
		{B7427DC2-A00B-4DBD-8405-94C8278A62B1}.Debug|x64.ActiveCfg = Debug|Win32
		{B7427DC2-A00B-4DBD-8405-94C8278A62B1}.Release|Any CPU.ActiveCfg = Release|Win32
		{B7427DC2-A00B-4DBD-8405-94C8278A62B1}.Release|Mixed Platforms.ActiveCfg = Release|Win32
		{B7427DC2-A00B-4DBD-8405-94C8278A62B1}.Release|Mixed Platforms.Build.0 = Release|Win32
		{B7427DC2-A00B-4DBD-8405-94C8278A62B1}.Release|Win32.ActiveCfg = Release|Win32
		{B7427DC2-A00B-4DBD-8405-94C8278A62B1}.Release|Win32.Build.0 = Release|Win32
		{B7427DC2-A00B-4DBD-8405-94C8278A62B1}.Release|x64.ActiveCfg = Release|Win32
		{2C83217C-1C56-4DC6-BD41-DBC042AB06DE}.Debug|Any CPU.ActiveCfg = Debug|Win32
		{2C83217C-1C56-4DC6-BD41-DBC042AB06DE}.Debug|Mixed Platforms.ActiveCfg = Debug|Win32
		{2C83217C-1C56-4DC6-BD41-DBC042AB06DE}.Debug|Mixed Platforms.Build.0 = Debug|Win32
		{2C83217C-1C56-4DC6-BD41-DBC042AB06DE}.Debug|Win32.ActiveCfg = Debug|Win32
		{2C83217C-1C56-4DC6-BD41-DBC042AB06DE}.Debug|Win32.Build.0 = Debug|Win32
		{2C83217C-1C56-4DC6-BD41-DBC042AB06DE}.Debug|x64.ActiveCfg = Debug|Win32
		{2C83217C-1C56-4DC6-BD41-DBC042AB06DE}.Release|Any CPU.ActiveCfg = Release|Win32
		{2C83217C-1C56-4DC6-BD41-DBC042AB06DE}.Release|Mixed Platforms.ActiveCfg = Release|Win32
		{2C83217C-1C56-4DC6-BD41-DBC042AB06DE}.Release|Mixed Platforms.Build.0 = Release|Win32
		{2C83217C-1C56-4DC6-BD41-DBC042AB06DE}.Release|Win32.ActiveCfg = Release|Win32
		{2C83217C-1C56-4DC6-BD41-DBC042AB06DE}.Release|Win32.Build.0 = Release|Win32
		{2C83217C-1C56-4DC6-BD41-DBC042AB06DE}.Release|x64.ActiveCfg = Release|Win32
		{2B00F174-D71D-492E-83E5-231C32E94B60}.Debug|Any CPU.ActiveCfg = Debug|Win32
		{2B00F174-D71D-492E-83E5-231C32E94B60}.Debug|Mixed Platforms.ActiveCfg = Debug|Win32
		{2B00F174-D71D-492E-83E5-231C32E94B60}.Debug|Mixed Platforms.Build.0 = Debug|Win32
		{2B00F174-D71D-492E-83E5-231C32E94B60}.Debug|Win32.ActiveCfg = Debug|Win32
		{2B00F174-D71D-492E-83E5-231C32E94B60}.Debug|Win32.Build.0 = Debug|Win32
		{2B00F174-D71D-492E-83E5-231C32E94B60}.Debug|x64.ActiveCfg = Debug|Win32
		{2B00F174-D71D-492E-83E5-231C32E94B60}.Release|Any CPU.ActiveCfg = Release|Win32
		{2B00F174-D71D-492E-83E5-231C32E94B60}.Release|Mixed Platforms.ActiveCfg = Release|Win32
		{2B00F174-D71D-492E-83E5-231C32E94B60}.Release|Mixed Platforms.Build.0 = Release|Win32
		{2B00F174-D71D-492E-83E5-231C32E94B60}.Release|Win32.ActiveCfg = Release|Win32
		{2B00F174-D71D-492E-83E5-231C32E94B60}.Release|Win32.Build.0 = Release|Win32
		{2B00F174-D71D-492E-83E5-231C32E94B60}.Release|x64.ActiveCfg = Release|Win32
		{87FC62C3-23B7-410C-853B-209FA90FBC29}.Debug|Any CPU.ActiveCfg = Debug|Win32
		{87FC62C3-23B7-410C-853B-209FA90FBC29}.Debug|Mixed Platforms.ActiveCfg = Debug|Win32
		{87FC62C3-23B7-410C-853B-209FA90FBC29}.Debug|Mixed Platforms.Build.0 = Debug|Win32
		{87FC62C3-23B7-410C-853B-209FA90FBC29}.Debug|Win32.ActiveCfg = Debug|Win32
		{87FC62C3-23B7-410C-853B-209FA90FBC29}.Debug|Win32.Build.0 = Debug|Win32
		{87FC62C3-23B7-410C-853B-209FA90FBC29}.Debug|x64.ActiveCfg = Debug|Win32
		{87FC62C3-23B7-410C-853B-209FA90FBC29}.Release|Any CPU.ActiveCfg = Release|Win32
		{87FC62C3-23B7-410C-853B-209FA90FBC29}.Release|Mixed Platforms.ActiveCfg = Release|Win32
		{87FC62C3-23B7-410C-853B-209FA90FBC29}.Release|Mixed Platforms.Build.0 = Release|Win32
		{87FC62C3-23B7-410C-853B-209FA90FBC29}.Release|Win32.ActiveCfg = Release|Win32
		{87FC62C3-23B7-410C-853B-209FA90FBC29}.Release|Win32.Build.0 = Release|Win32
		{87FC62C3-23B7-410C-853B-209FA90FBC29}.Release|x64.ActiveCfg = Release|Win32
		{8C777480-50CD-425D-AF19-1EFC03B32FE2}.Debug|Any CPU.ActiveCfg = Debug|Win32
		{8C777480-50CD-425D-AF19-1EFC03B32FE2}.Debug|Mixed Platforms.ActiveCfg = Debug|Win32
		{8C777480-50CD-425D-AF19-1EFC03B32FE2}.Debug|Mixed Platforms.Build.0 = Debug|Win32
		{8C777480-50CD-425D-AF19-1EFC03B32FE2}.Debug|Win32.ActiveCfg = Debug|Win32
		{8C777480-50CD-425D-AF19-1EFC03B32FE2}.Debug|Win32.Build.0 = Debug|Win32
		{8C777480-50CD-425D-AF19-1EFC03B32FE2}.Debug|x64.ActiveCfg = Debug|Win32
		{8C777480-50CD-425D-AF19-1EFC03B32FE2}.Release|Any CPU.ActiveCfg = Release|Win32
		{8C777480-50CD-425D-AF19-1EFC03B32FE2}.Release|Mixed Platforms.ActiveCfg = Release|Win32
		{8C777480-50CD-425D-AF19-1EFC03B32FE2}.Release|Mixed Platforms.Build.0 = Release|Win32
		{8C777480-50CD-425D-AF19-1EFC03B32FE2}.Release|Win32.ActiveCfg = Release|Win32
		{8C777480-50CD-425D-AF19-1EFC03B32FE2}.Release|Win32.Build.0 = Release|Win32
		{8C777480-50CD-425D-AF19-1EFC03B32FE2}.Release|x64.ActiveCfg = Release|Win32
		{14CBCA4D-FFAC-48EC-8255-731BEF675814}.Debug|Any CPU.ActiveCfg = Debug|Win32
		{14CBCA4D-FFAC-48EC-8255-731BEF675814}.Debug|Mixed Platforms.ActiveCfg = Debug|Win32
		{14CBCA4D-FFAC-48EC-8255-731BEF675814}.Debug|Mixed Platforms.Build.0 = Debug|Win32
		{14CBCA4D-FFAC-48EC-8255-731BEF675814}.Debug|Win32.ActiveCfg = Debug|Win32
		{14CBCA4D-FFAC-48EC-8255-731BEF675814}.Debug|Win32.Build.0 = Debug|Win32
		{14CBCA4D-FFAC-48EC-8255-731BEF675814}.Debug|x64.ActiveCfg = Debug|x64
		{14CBCA4D-FFAC-48EC-8255-731BEF675814}.Debug|x64.Build.0 = Debug|x64
		{14CBCA4D-FFAC-48EC-8255-731BEF675814}.Release|Any CPU.ActiveCfg = Release|Win32
		{14CBCA4D-FFAC-48EC-8255-731BEF675814}.Release|Mixed Platforms.ActiveCfg = Release|Win32
		{14CBCA4D-FFAC-48EC-8255-731BEF675814}.Release|Mixed Platforms.Build.0 = Release|Win32
		{14CBCA4D-FFAC-48EC-8255-731BEF675814}.Release|Win32.ActiveCfg = Release|Win32
		{14CBCA4D-FFAC-48EC-8255-731BEF675814}.Release|Win32.Build.0 = Release|Win32
		{14CBCA4D-FFAC-48EC-8255-731BEF675814}.Release|x64.ActiveCfg = Release|x64
		{14CBCA4D-FFAC-48EC-8255-731BEF675814}.Release|x64.Build.0 = Release|x64
		{1C1BD122-3AB0-4980-BA74-B00514900E53}.Debug|Any CPU.ActiveCfg = Debug|Any CPU
		{1C1BD122-3AB0-4980-BA74-B00514900E53}.Debug|Any CPU.Build.0 = Debug|Any CPU
		{1C1BD122-3AB0-4980-BA74-B00514900E53}.Debug|Mixed Platforms.ActiveCfg = Debug|Any CPU
		{1C1BD122-3AB0-4980-BA74-B00514900E53}.Debug|Mixed Platforms.Build.0 = Debug|Any CPU
		{1C1BD122-3AB0-4980-BA74-B00514900E53}.Debug|Win32.ActiveCfg = Debug|Any CPU
		{1C1BD122-3AB0-4980-BA74-B00514900E53}.Debug|x64.ActiveCfg = Debug|Any CPU
		{1C1BD122-3AB0-4980-BA74-B00514900E53}.Release|Any CPU.ActiveCfg = Release|Any CPU
		{1C1BD122-3AB0-4980-BA74-B00514900E53}.Release|Any CPU.Build.0 = Release|Any CPU
		{1C1BD122-3AB0-4980-BA74-B00514900E53}.Release|Mixed Platforms.ActiveCfg = Release|Any CPU
		{1C1BD122-3AB0-4980-BA74-B00514900E53}.Release|Mixed Platforms.Build.0 = Release|Any CPU
		{1C1BD122-3AB0-4980-BA74-B00514900E53}.Release|Win32.ActiveCfg = Release|Any CPU
		{1C1BD122-3AB0-4980-BA74-B00514900E53}.Release|x64.ActiveCfg = Release|Any CPU
		{C2CFE7A5-6C6B-4D29-BC13-C1D894D76F07}.Debug|Any CPU.ActiveCfg = Debug|Any CPU
		{C2CFE7A5-6C6B-4D29-BC13-C1D894D76F07}.Debug|Any CPU.Build.0 = Debug|Any CPU
		{C2CFE7A5-6C6B-4D29-BC13-C1D894D76F07}.Debug|Mixed Platforms.ActiveCfg = Debug|Any CPU
		{C2CFE7A5-6C6B-4D29-BC13-C1D894D76F07}.Debug|Mixed Platforms.Build.0 = Debug|Any CPU
		{C2CFE7A5-6C6B-4D29-BC13-C1D894D76F07}.Debug|Win32.ActiveCfg = Debug|Any CPU
		{C2CFE7A5-6C6B-4D29-BC13-C1D894D76F07}.Debug|x64.ActiveCfg = Debug|Any CPU
		{C2CFE7A5-6C6B-4D29-BC13-C1D894D76F07}.Release|Any CPU.ActiveCfg = Release|Any CPU
		{C2CFE7A5-6C6B-4D29-BC13-C1D894D76F07}.Release|Any CPU.Build.0 = Release|Any CPU
		{C2CFE7A5-6C6B-4D29-BC13-C1D894D76F07}.Release|Mixed Platforms.ActiveCfg = Release|Any CPU
		{C2CFE7A5-6C6B-4D29-BC13-C1D894D76F07}.Release|Mixed Platforms.Build.0 = Release|Any CPU
		{C2CFE7A5-6C6B-4D29-BC13-C1D894D76F07}.Release|Win32.ActiveCfg = Release|Any CPU
		{C2CFE7A5-6C6B-4D29-BC13-C1D894D76F07}.Release|x64.ActiveCfg = Release|Any CPU
		{0290B31D-9B22-411B-9F57-E80A9F0EEEB1}.Debug|Any CPU.ActiveCfg = Debug|Any CPU
		{0290B31D-9B22-411B-9F57-E80A9F0EEEB1}.Debug|Any CPU.Build.0 = Debug|Any CPU
		{0290B31D-9B22-411B-9F57-E80A9F0EEEB1}.Debug|Mixed Platforms.ActiveCfg = Debug|Any CPU
		{0290B31D-9B22-411B-9F57-E80A9F0EEEB1}.Debug|Mixed Platforms.Build.0 = Debug|Any CPU
		{0290B31D-9B22-411B-9F57-E80A9F0EEEB1}.Debug|Win32.ActiveCfg = Debug|Any CPU
		{0290B31D-9B22-411B-9F57-E80A9F0EEEB1}.Debug|x64.ActiveCfg = Debug|Any CPU
		{0290B31D-9B22-411B-9F57-E80A9F0EEEB1}.Release|Any CPU.ActiveCfg = Release|Any CPU
		{0290B31D-9B22-411B-9F57-E80A9F0EEEB1}.Release|Any CPU.Build.0 = Release|Any CPU
		{0290B31D-9B22-411B-9F57-E80A9F0EEEB1}.Release|Mixed Platforms.ActiveCfg = Release|Any CPU
		{0290B31D-9B22-411B-9F57-E80A9F0EEEB1}.Release|Mixed Platforms.Build.0 = Release|Any CPU
		{0290B31D-9B22-411B-9F57-E80A9F0EEEB1}.Release|Win32.ActiveCfg = Release|Any CPU
		{0290B31D-9B22-411B-9F57-E80A9F0EEEB1}.Release|x64.ActiveCfg = Release|Any CPU
		{1551F9B2-7710-4B9F-BA25-774B0C79EB77}.Debug|Any CPU.ActiveCfg = Debug|Any CPU
		{1551F9B2-7710-4B9F-BA25-774B0C79EB77}.Debug|Any CPU.Build.0 = Debug|Any CPU
		{1551F9B2-7710-4B9F-BA25-774B0C79EB77}.Debug|Mixed Platforms.ActiveCfg = Debug|Any CPU
		{1551F9B2-7710-4B9F-BA25-774B0C79EB77}.Debug|Mixed Platforms.Build.0 = Debug|Any CPU
		{1551F9B2-7710-4B9F-BA25-774B0C79EB77}.Debug|Win32.ActiveCfg = Debug|Any CPU
		{1551F9B2-7710-4B9F-BA25-774B0C79EB77}.Debug|x64.ActiveCfg = Debug|Any CPU
		{1551F9B2-7710-4B9F-BA25-774B0C79EB77}.Release|Any CPU.ActiveCfg = Release|Any CPU
		{1551F9B2-7710-4B9F-BA25-774B0C79EB77}.Release|Any CPU.Build.0 = Release|Any CPU
		{1551F9B2-7710-4B9F-BA25-774B0C79EB77}.Release|Mixed Platforms.ActiveCfg = Release|Any CPU
		{1551F9B2-7710-4B9F-BA25-774B0C79EB77}.Release|Mixed Platforms.Build.0 = Release|Any CPU
		{1551F9B2-7710-4B9F-BA25-774B0C79EB77}.Release|Win32.ActiveCfg = Release|Any CPU
		{1551F9B2-7710-4B9F-BA25-774B0C79EB77}.Release|x64.ActiveCfg = Release|Any CPU
	EndGlobalSection
	GlobalSection(SolutionProperties) = preSolution
		HideSolutionNode = FALSE
	EndGlobalSection
EndGlobal
